
Microsoft Visual Studio Solution File, Format Version 12.00
# Visual Studio Version 17
VisualStudioVersion = 17.7.34024.191
MinimumVisualStudioVersion = 10.0.40219.1
Project("{9A19103F-16F7-4668-BE54-9A1E7A4F7556}") = "MauiBlazorTest", "MauiBlazorTest.csproj", "{D8C580A3-FAA2-4BAA-A735-27EEB0792623}"
EndProject
Global
	GlobalSection(SolutionConfigurationPlatforms) = preSolution
		Debug|Any CPU = Debug|Any CPU
		Release|Any CPU = Release|Any CPU
	EndGlobalSection
	GlobalSection(ProjectConfigurationPlatforms) = postSolution
		{D8C580A3-FAA2-4BAA-A735-27EEB0792623}.Debug|Any CPU.ActiveCfg = Debug|Any CPU
		{D8C580A3-FAA2-4BAA-A735-27EEB0792623}.Debug|Any CPU.Build.0 = Debug|Any CPU
		{D8C580A3-FAA2-4BAA-A735-27EEB0792623}.Debug|Any CPU.Deploy.0 = Debug|Any CPU
		{D8C580A3-FAA2-4BAA-A735-27EEB0792623}.Release|Any CPU.ActiveCfg = Release|Any CPU
		{D8C580A3-FAA2-4BAA-A735-27EEB0792623}.Release|Any CPU.Build.0 = Release|Any CPU
		{D8C580A3-FAA2-4BAA-A735-27EEB0792623}.Release|Any CPU.Deploy.0 = Release|Any CPU
	EndGlobalSection
	GlobalSection(SolutionProperties) = preSolution
		HideSolutionNode = FALSE
	EndGlobalSection
	GlobalSection(ExtensibilityGlobals) = postSolution
		SolutionGuid = {CBAB5A42-1491-4599-A14B-0FF5C36FEEF5}
	EndGlobalSection
EndGlobal
